
Microsoft Visual Studio Solution File, Format Version 12.00
# Visual Studio Version 16
VisualStudioVersion = 16.0.30011.22
MinimumVisualStudioVersion = 10.0.40219.1
Project("{9A19103F-16F7-4668-BE54-9A1E7A4F7556}") = "ShoppingCart.Data", "ShoppingCart.Data\ShoppingCart.Data.csproj", "{49A0689A-7A4A-4F90-B548-60BD7767DE03}"
EndProject
Project("{9A19103F-16F7-4668-BE54-9A1E7A4F7556}") = "ShoppingCart.DataSeeding", "ShoppingCart.DBPopulation\ShoppingCart.DataSeeding.csproj", "{103C774E-9FC1-4C02-93A8-9DBE344AE60C}"
EndProject
Project("{9A19103F-16F7-4668-BE54-9A1E7A4F7556}") = "ShoppingCart.Web", "ShoppingCart.Web\ShoppingCart.Web.csproj", "{120DD0D4-9104-4745-8446-EE014B7DCE7A}"
EndProject
Project("{9A19103F-16F7-4668-BE54-9A1E7A4F7556}") = "ShoppingCart.Services", "ShoppingCart.Services\ShoppingCart.Services.csproj", "{FE6CD4C8-43B3-4205-AE0E-0E2E9E607D3E}"
EndProject
Project("{FAE04EC0-301F-11D3-BF4B-00C04F79EFBC}") = "ShoppingCart.UnitTest", "ShoppingCart.UnitTest\ShoppingCart.UnitTest.csproj", "{A0BE0D39-9E9B-45AC-9246-6694D8AD86F9}"
EndProject
Global
	GlobalSection(SolutionConfigurationPlatforms) = preSolution
		Debug|Any CPU = Debug|Any CPU
		Release|Any CPU = Release|Any CPU
	EndGlobalSection
	GlobalSection(ProjectConfigurationPlatforms) = postSolution
		{49A0689A-7A4A-4F90-B548-60BD7767DE03}.Debug|Any CPU.ActiveCfg = Debug|Any CPU
		{49A0689A-7A4A-4F90-B548-60BD7767DE03}.Debug|Any CPU.Build.0 = Debug|Any CPU
		{49A0689A-7A4A-4F90-B548-60BD7767DE03}.Release|Any CPU.ActiveCfg = Release|Any CPU
		{49A0689A-7A4A-4F90-B548-60BD7767DE03}.Release|Any CPU.Build.0 = Release|Any CPU
		{103C774E-9FC1-4C02-93A8-9DBE344AE60C}.Debug|Any CPU.ActiveCfg = Debug|Any CPU
		{103C774E-9FC1-4C02-93A8-9DBE344AE60C}.Debug|Any CPU.Build.0 = Debug|Any CPU
		{103C774E-9FC1-4C02-93A8-9DBE344AE60C}.Release|Any CPU.ActiveCfg = Release|Any CPU
		{103C774E-9FC1-4C02-93A8-9DBE344AE60C}.Release|Any CPU.Build.0 = Release|Any CPU
		{120DD0D4-9104-4745-8446-EE014B7DCE7A}.Debug|Any CPU.ActiveCfg = Debug|Any CPU
		{120DD0D4-9104-4745-8446-EE014B7DCE7A}.Debug|Any CPU.Build.0 = Debug|Any CPU
		{120DD0D4-9104-4745-8446-EE014B7DCE7A}.Release|Any CPU.ActiveCfg = Release|Any CPU
		{120DD0D4-9104-4745-8446-EE014B7DCE7A}.Release|Any CPU.Build.0 = Release|Any CPU
		{FE6CD4C8-43B3-4205-AE0E-0E2E9E607D3E}.Debug|Any CPU.ActiveCfg = Debug|Any CPU
		{FE6CD4C8-43B3-4205-AE0E-0E2E9E607D3E}.Debug|Any CPU.Build.0 = Debug|Any CPU
		{FE6CD4C8-43B3-4205-AE0E-0E2E9E607D3E}.Release|Any CPU.ActiveCfg = Release|Any CPU
		{FE6CD4C8-43B3-4205-AE0E-0E2E9E607D3E}.Release|Any CPU.Build.0 = Release|Any CPU
		{A0BE0D39-9E9B-45AC-9246-6694D8AD86F9}.Debug|Any CPU.ActiveCfg = Debug|Any CPU
		{A0BE0D39-9E9B-45AC-9246-6694D8AD86F9}.Debug|Any CPU.Build.0 = Debug|Any CPU
		{A0BE0D39-9E9B-45AC-9246-6694D8AD86F9}.Release|Any CPU.ActiveCfg = Release|Any CPU
		{A0BE0D39-9E9B-45AC-9246-6694D8AD86F9}.Release|Any CPU.Build.0 = Release|Any CPU
	EndGlobalSection
	GlobalSection(SolutionProperties) = preSolution
		HideSolutionNode = FALSE
	EndGlobalSection
	GlobalSection(ExtensibilityGlobals) = postSolution
		SolutionGuid = {013EB134-54E7-43E6-8B08-0C7A0D654027}
	EndGlobalSection
EndGlobal
